
Microsoft Visual Studio Solution File, Format Version 12.00
# Visual Studio 15
VisualStudioVersion = 15.0.28307.329
MinimumVisualStudioVersion = 10.0.40219.1
Project("{FAE04EC0-301F-11D3-BF4B-00C04F79EFBC}") = "StudentSystem", "StudentSystem\StudentSystem.csproj", "{2B7E9566-B83C-4A76-9E31-0C6074929747}"
EndProject
Global
	GlobalSection(SolutionConfigurationPlatforms) = preSolution
		Debug|Any CPU = Debug|Any CPU
		Release|Any CPU = Release|Any CPU
	EndGlobalSection
	GlobalSection(ProjectConfigurationPlatforms) = postSolution
		{2B7E9566-B83C-4A76-9E31-0C6074929747}.Debug|Any CPU.ActiveCfg = Debug|Any CPU
		{2B7E9566-B83C-4A76-9E31-0C6074929747}.Debug|Any CPU.Build.0 = Debug|Any CPU
		{2B7E9566-B83C-4A76-9E31-0C6074929747}.Release|Any CPU.ActiveCfg = Release|Any CPU
		{2B7E9566-B83C-4A76-9E31-0C6074929747}.Release|Any CPU.Build.0 = Release|Any CPU
	EndGlobalSection
	GlobalSection(SolutionProperties) = preSolution
		HideSolutionNode = FALSE
	EndGlobalSection
	GlobalSection(ExtensibilityGlobals) = postSolution
		SolutionGuid = {F0E99007-0837-43B2-9A17-E37183C10B28}
	EndGlobalSection
EndGlobal
